// !$*UTF8*$!
{
	archiveVersion = 1;
	classes = {
	};
	objectVersion = 55;
	objects = {

/* Begin PBXBuildFile section */
		BE02A0BE28EEE11900196CD8 /* Authentication.swift in Sources */ = {isa = PBXBuildFile; fileRef = BE02A0BD28EEE11900196CD8 /* Authentication.swift */; };
		BE02A0C128EEE8A200196CD8 /* ApiService.swift in Sources */ = {isa = PBXBuildFile; fileRef = BE02A0C028EEE8A200196CD8 /* ApiService.swift */; };
		BE02A0C328EEE8BD00196CD8 /* Credentials.swift in Sources */ = {isa = PBXBuildFile; fileRef = BE02A0C228EEE8BD00196CD8 /* Credentials.swift */; };
		BE02A0C528EEE8E500196CD8 /* UIApplication+Extension.swift in Sources */ = {isa = PBXBuildFile; fileRef = BE02A0C428EEE8E500196CD8 /* UIApplication+Extension.swift */; };
		BE02A0C928EF02B300196CD8 /* PeopleDataView.swift in Sources */ = {isa = PBXBuildFile; fileRef = BE02A0C828EF02B300196CD8 /* PeopleDataView.swift */; };
		BE02A0CD28EF6DB700196CD8 /* SDWebImageSwiftUI in Frameworks */ = {isa = PBXBuildFile; productRef = BE02A0CC28EF6DB700196CD8 /* SDWebImageSwiftUI */; };
		BE02A0CF28EF7AC200196CD8 /* ListCell.swift in Sources */ = {isa = PBXBuildFile; fileRef = BE02A0CE28EF7AC200196CD8 /* ListCell.swift */; };
		BE02A0D128EF7CEB00196CD8 /* PersonDataObject.swift in Sources */ = {isa = PBXBuildFile; fileRef = BE02A0D028EF7CEB00196CD8 /* PersonDataObject.swift */; };
		BE02A0D328EF888F00196CD8 /* PersonDataViewModel.swift in Sources */ = {isa = PBXBuildFile; fileRef = BE02A0D228EF888F00196CD8 /* PersonDataViewModel.swift */; };
		BE02A0D528EF8B2400196CD8 /* MockService.swift in Sources */ = {isa = PBXBuildFile; fileRef = BE02A0D428EF8B2400196CD8 /* MockService.swift */; };
		BE529E6728EAE29B00A5C63D /* SwiftUIMobileTaskApp.swift in Sources */ = {isa = PBXBuildFile; fileRef = BE529E6628EAE29B00A5C63D /* SwiftUIMobileTaskApp.swift */; };
		BE529E6928EAE29B00A5C63D /* ContentView.swift in Sources */ = {isa = PBXBuildFile; fileRef = BE529E6828EAE29B00A5C63D /* ContentView.swift */; };
		BE529E6B28EAE29E00A5C63D /* Assets.xcassets in Resources */ = {isa = PBXBuildFile; fileRef = BE529E6A28EAE29E00A5C63D /* Assets.xcassets */; };
		BE529E6E28EAE29E00A5C63D /* Preview Assets.xcassets in Resources */ = {isa = PBXBuildFile; fileRef = BE529E6D28EAE29E00A5C63D /* Preview Assets.xcassets */; };
		BE529E7528EAE59600A5C63D /* EntryField.swift in Sources */ = {isa = PBXBuildFile; fileRef = BE529E7428EAE59600A5C63D /* EntryField.swift */; };
		BE529E7728EAE78D00A5C63D /* LoginViewModel.swift in Sources */ = {isa = PBXBuildFile; fileRef = BE529E7628EAE78D00A5C63D /* LoginViewModel.swift */; };
/* End PBXBuildFile section */

/* Begin PBXFileReference section */
		BE02A0BD28EEE11900196CD8 /* Authentication.swift */ = {isa = PBXFileReference; lastKnownFileType = sourcecode.swift; path = Authentication.swift; sourceTree = "<group>"; };
		BE02A0C028EEE8A200196CD8 /* ApiService.swift */ = {isa = PBXFileReference; lastKnownFileType = sourcecode.swift; path = ApiService.swift; sourceTree = "<group>"; };
		BE02A0C228EEE8BD00196CD8 /* Credentials.swift */ = {isa = PBXFileReference; lastKnownFileType = sourcecode.swift; path = Credentials.swift; sourceTree = "<group>"; };
		BE02A0C428EEE8E500196CD8 /* UIApplication+Extension.swift */ = {isa = PBXFileReference; lastKnownFileType = sourcecode.swift; path = "UIApplication+Extension.swift"; sourceTree = "<group>"; };
		BE02A0C828EF02B300196CD8 /* PeopleDataView.swift */ = {isa = PBXFileReference; lastKnownFileType = sourcecode.swift; path = PeopleDataView.swift; sourceTree = "<group>"; };
		BE02A0CE28EF7AC200196CD8 /* ListCell.swift */ = {isa = PBXFileReference; lastKnownFileType = sourcecode.swift; path = ListCell.swift; sourceTree = "<group>"; };
		BE02A0D028EF7CEB00196CD8 /* PersonDataObject.swift */ = {isa = PBXFileReference; lastKnownFileType = sourcecode.swift; path = PersonDataObject.swift; sourceTree = "<group>"; };
		BE02A0D228EF888F00196CD8 /* PersonDataViewModel.swift */ = {isa = PBXFileReference; lastKnownFileType = sourcecode.swift; path = PersonDataViewModel.swift; sourceTree = "<group>"; };
		BE02A0D428EF8B2400196CD8 /* MockService.swift */ = {isa = PBXFileReference; lastKnownFileType = sourcecode.swift; path = MockService.swift; sourceTree = "<group>"; };
		BE529E6328EAE29B00A5C63D /* SwiftUIMobileTask.app */ = {isa = PBXFileReference; explicitFileType = wrapper.application; includeInIndex = 0; path = SwiftUIMobileTask.app; sourceTree = BUILT_PRODUCTS_DIR; };
		BE529E6628EAE29B00A5C63D /* SwiftUIMobileTaskApp.swift */ = {isa = PBXFileReference; lastKnownFileType = sourcecode.swift; path = SwiftUIMobileTaskApp.swift; sourceTree = "<group>"; };
		BE529E6828EAE29B00A5C63D /* ContentView.swift */ = {isa = PBXFileReference; lastKnownFileType = sourcecode.swift; path = ContentView.swift; sourceTree = "<group>"; };
		BE529E6A28EAE29E00A5C63D /* Assets.xcassets */ = {isa = PBXFileReference; lastKnownFileType = folder.assetcatalog; path = Assets.xcassets; sourceTree = "<group>"; };
		BE529E6D28EAE29E00A5C63D /* Preview Assets.xcassets */ = {isa = PBXFileReference; lastKnownFileType = folder.assetcatalog; path = "Preview Assets.xcassets"; sourceTree = "<group>"; };
		BE529E7428EAE59600A5C63D /* EntryField.swift */ = {isa = PBXFileReference; lastKnownFileType = sourcecode.swift; path = EntryField.swift; sourceTree = "<group>"; };
		BE529E7628EAE78D00A5C63D /* LoginViewModel.swift */ = {isa = PBXFileReference; lastKnownFileType = sourcecode.swift; path = LoginViewModel.swift; sourceTree = "<group>"; };
/* End PBXFileReference section */

/* Begin PBXFrameworksBuildPhase section */
		BE529E6028EAE29B00A5C63D /* Frameworks */ = {
			isa = PBXFrameworksBuildPhase;
			buildActionMask = 2147483647;
			files = (
				BE02A0CD28EF6DB700196CD8 /* SDWebImageSwiftUI in Frameworks */,
			);
			runOnlyForDeploymentPostprocessing = 0;
		};
/* End PBXFrameworksBuildPhase section */

/* Begin PBXGroup section */
		BE02A0BA28EEE0E300196CD8 /* Services */ = {
			isa = PBXGroup;
			children = (
				BE02A0C028EEE8A200196CD8 /* ApiService.swift */,
				BE02A0D428EF8B2400196CD8 /* MockService.swift */,
			);
			path = Services;
			sourceTree = "<group>";
		};
		BE02A0BB28EEE0FA00196CD8 /* Model */ = {
			isa = PBXGroup;
			children = (
				BE02A0C228EEE8BD00196CD8 /* Credentials.swift */,
				BE02A0D028EF7CEB00196CD8 /* PersonDataObject.swift */,
			);
			path = Model;
			sourceTree = "<group>";
		};
		BE02A0BC28EEE10200196CD8 /* Views */ = {
			isa = PBXGroup;
			children = (
				BE529E6828EAE29B00A5C63D /* ContentView.swift */,
				BE529E7628EAE78D00A5C63D /* LoginViewModel.swift */,
				BE02A0C828EF02B300196CD8 /* PeopleDataView.swift */,
				BE02A0D228EF888F00196CD8 /* PersonDataViewModel.swift */,
			);
			path = Views;
			sourceTree = "<group>";
		};
		BE02A0BF28EEE85F00196CD8 /* Common */ = {
			isa = PBXGroup;
			children = (
				BE529E7428EAE59600A5C63D /* EntryField.swift */,
				BE02A0CE28EF7AC200196CD8 /* ListCell.swift */,
			);
			path = Common;
			sourceTree = "<group>";
		};
		BE02A0CA28EF424F00196CD8 /* Extensions */ = {
			isa = PBXGroup;
			children = (
				BE02A0C428EEE8E500196CD8 /* UIApplication+Extension.swift */,
			);
			path = Extensions;
			sourceTree = "<group>";
		};
		BE529E5A28EAE29B00A5C63D = {
			isa = PBXGroup;
			children = (
				BE529E6528EAE29B00A5C63D /* SwiftUIMobileTask */,
				BE529E6428EAE29B00A5C63D /* Products */,
			);
			sourceTree = "<group>";
		};
		BE529E6428EAE29B00A5C63D /* Products */ = {
			isa = PBXGroup;
			children = (
				BE529E6328EAE29B00A5C63D /* SwiftUIMobileTask.app */,
			);
			name = Products;
			sourceTree = "<group>";
		};
		BE529E6528EAE29B00A5C63D /* SwiftUIMobileTask */ = {
			isa = PBXGroup;
			children = (
				BE529E6628EAE29B00A5C63D /* SwiftUIMobileTaskApp.swift */,
				BE02A0BD28EEE11900196CD8 /* Authentication.swift */,
				BE02A0BC28EEE10200196CD8 /* Views */,
				BE02A0BB28EEE0FA00196CD8 /* Model */,
				BE02A0BA28EEE0E300196CD8 /* Services */,
				BE02A0BF28EEE85F00196CD8 /* Common */,
				BE02A0CA28EF424F00196CD8 /* Extensions */,
				BE529E6A28EAE29E00A5C63D /* Assets.xcassets */,
				BE529E6C28EAE29E00A5C63D /* Preview Content */,
			);
			path = SwiftUIMobileTask;
			sourceTree = "<group>";
		};
		BE529E6C28EAE29E00A5C63D /* Preview Content */ = {
			isa = PBXGroup;
			children = (
				BE529E6D28EAE29E00A5C63D /* Preview Assets.xcassets */,
			);
			path = "Preview Content";
			sourceTree = "<group>";
		};
/* End PBXGroup section */

/* Begin PBXNativeTarget section */
		BE529E6228EAE29B00A5C63D /* SwiftUIMobileTask */ = {
			isa = PBXNativeTarget;
			buildConfigurationList = BE529E7128EAE29E00A5C63D /* Build configuration list for PBXNativeTarget "SwiftUIMobileTask" */;
			buildPhases = (
				BE529E5F28EAE29B00A5C63D /* Sources */,
				BE529E6028EAE29B00A5C63D /* Frameworks */,
				BE529E6128EAE29B00A5C63D /* Resources */,
			);
			buildRules = (
			);
			dependencies = (
			);
			name = SwiftUIMobileTask;
			packageProductDependencies = (
				BE02A0CC28EF6DB700196CD8 /* SDWebImageSwiftUI */,
			);
			productName = SwiftUIMobileTask;
			productReference = BE529E6328EAE29B00A5C63D /* SwiftUIMobileTask.app */;
			productType = "com.apple.product-type.application";
		};
/* End PBXNativeTarget section */

/* Begin PBXProject section */
		BE529E5B28EAE29B00A5C63D /* Project object */ = {
			isa = PBXProject;
			attributes = {
				BuildIndependentTargetsInParallel = 1;
				LastSwiftUpdateCheck = 1320;
				LastUpgradeCheck = 1320;
				TargetAttributes = {
					BE529E6228EAE29B00A5C63D = {
						CreatedOnToolsVersion = 13.2.1;
					};
				};
			};
			buildConfigurationList = BE529E5E28EAE29B00A5C63D /* Build configuration list for PBXProject "SwiftUIMobileTask" */;
			compatibilityVersion = "Xcode 13.0";
			developmentRegion = en;
			hasScannedForEncodings = 0;
			knownRegions = (
				en,
				Base,
			);
			mainGroup = BE529E5A28EAE29B00A5C63D;
			packageReferences = (
				BE02A0CB28EF6DB600196CD8 /* XCRemoteSwiftPackageReference "SDWebImageSwiftUI" */,
			);
			productRefGroup = BE529E6428EAE29B00A5C63D /* Products */;
			projectDirPath = "";
			projectRoot = "";
			targets = (
				BE529E6228EAE29B00A5C63D /* SwiftUIMobileTask */,
			);
		};
/* End PBXProject section */

/* Begin PBXResourcesBuildPhase section */
		BE529E6128EAE29B00A5C63D /* Resources */ = {
			isa = PBXResourcesBuildPhase;
			buildActionMask = 2147483647;
			files = (
				BE529E6E28EAE29E00A5C63D /* Preview Assets.xcassets in Resources */,
				BE529E6B28EAE29E00A5C63D /* Assets.xcassets in Resources */,
			);
			runOnlyForDeploymentPostprocessing = 0;
		};
/* End PBXResourcesBuildPhase section */

/* Begin PBXSourcesBuildPhase section */
		BE529E5F28EAE29B00A5C63D /* Sources */ = {
			isa = PBXSourcesBuildPhase;
			buildActionMask = 2147483647;
			files = (
				BE529E7728EAE78D00A5C63D /* LoginViewModel.swift in Sources */,
				BE02A0D328EF888F00196CD8 /* PersonDataViewModel.swift in Sources */,
				BE529E6928EAE29B00A5C63D /* ContentView.swift in Sources */,
				BE02A0D128EF7CEB00196CD8 /* PersonDataObject.swift in Sources */,
				BE02A0C528EEE8E500196CD8 /* UIApplication+Extension.swift in Sources */,
				BE02A0CF28EF7AC200196CD8 /* ListCell.swift in Sources */,
				BE02A0C128EEE8A200196CD8 /* ApiService.swift in Sources */,
				BE02A0D528EF8B2400196CD8 /* MockService.swift in Sources */,
				BE02A0C328EEE8BD00196CD8 /* Credentials.swift in Sources */,
				BE02A0C928EF02B300196CD8 /* PeopleDataView.swift in Sources */,
				BE529E7528EAE59600A5C63D /* EntryField.swift in Sources */,
				BE02A0BE28EEE11900196CD8 /* Authentication.swift in Sources */,
				BE529E6728EAE29B00A5C63D /* SwiftUIMobileTaskApp.swift in Sources */,
			);
			runOnlyForDeploymentPostprocessing = 0;
		};
/* End PBXSourcesBuildPhase section */

/* Begin XCBuildConfiguration section */
		BE529E6F28EAE29E00A5C63D /* Debug */ = {
			isa = XCBuildConfiguration;
			buildSettings = {
				ALWAYS_SEARCH_USER_PATHS = NO;
				CLANG_ANALYZER_NONNULL = YES;
				CLANG_ANALYZER_NUMBER_OBJECT_CONVERSION = YES_AGGRESSIVE;
				CLANG_CXX_LANGUAGE_STANDARD = "gnu++17";
				CLANG_CXX_LIBRARY = "libc++";
				CLANG_ENABLE_MODULES = YES;
				CLANG_ENABLE_OBJC_ARC = YES;
				CLANG_ENABLE_OBJC_WEAK = YES;
				CLANG_WARN_BLOCK_CAPTURE_AUTORELEASING = YES;
				CLANG_WARN_BOOL_CONVERSION = YES;
				CLANG_WARN_COMMA = YES;
				CLANG_WARN_CONSTANT_CONVERSION = YES;
				CLANG_WARN_DEPRECATED_OBJC_IMPLEMENTATIONS = YES;
				CLANG_WARN_DIRECT_OBJC_ISA_USAGE = YES_ERROR;
				CLANG_WARN_DOCUMENTATION_COMMENTS = YES;
				CLANG_WARN_EMPTY_BODY = YES;
				CLANG_WARN_ENUM_CONVERSION = YES;
				CLANG_WARN_INFINITE_RECURSION = YES;
				CLANG_WARN_INT_CONVERSION = YES;
				CLANG_WARN_NON_LITERAL_NULL_CONVERSION = YES;
				CLANG_WARN_OBJC_IMPLICIT_RETAIN_SELF = YES;
				CLANG_WARN_OBJC_LITERAL_CONVERSION = YES;
				CLANG_WARN_OBJC_ROOT_CLASS = YES_ERROR;
				CLANG_WARN_QUOTED_INCLUDE_IN_FRAMEWORK_HEADER = YES;
				CLANG_WARN_RANGE_LOOP_ANALYSIS = YES;
				CLANG_WARN_STRICT_PROTOTYPES = YES;
				CLANG_WARN_SUSPICIOUS_MOVE = YES;
				CLANG_WARN_UNGUARDED_AVAILABILITY = YES_AGGRESSIVE;
				CLANG_WARN_UNREACHABLE_CODE = YES;
				CLANG_WARN__DUPLICATE_METHOD_MATCH = YES;
				COPY_PHASE_STRIP = NO;
				DEBUG_INFORMATION_FORMAT = dwarf;
				ENABLE_STRICT_OBJC_MSGSEND = YES;
				ENABLE_TESTABILITY = YES;
				GCC_C_LANGUAGE_STANDARD = gnu11;
				GCC_DYNAMIC_NO_PIC = NO;
				GCC_NO_COMMON_BLOCKS = YES;
				GCC_OPTIMIZATION_LEVEL = 0;
				GCC_PREPROCESSOR_DEFINITIONS = (
					"DEBUG=1",
					"$(inherited)",
				);
				GCC_WARN_64_TO_32_BIT_CONVERSION = YES;
				GCC_WARN_ABOUT_RETURN_TYPE = YES_ERROR;
				GCC_WARN_UNDECLARED_SELECTOR = YES;
				GCC_WARN_UNINITIALIZED_AUTOS = YES_AGGRESSIVE;
				GCC_WARN_UNUSED_FUNCTION = YES;
				GCC_WARN_UNUSED_VARIABLE = YES;
				IPHONEOS_DEPLOYMENT_TARGET = 15.2;
				MTL_ENABLE_DEBUG_INFO = INCLUDE_SOURCE;
				MTL_FAST_MATH = YES;
				ONLY_ACTIVE_ARCH = YES;
				SDKROOT = iphoneos;
				SWIFT_ACTIVE_COMPILATION_CONDITIONS = DEBUG;
				SWIFT_OPTIMIZATION_LEVEL = "-Onone";
			};
			name = Debug;
		};
		BE529E7028EAE29E00A5C63D /* Release */ = {
			isa = XCBuildConfiguration;
			buildSettings = {
				ALWAYS_SEARCH_USER_PATHS = NO;
				CLANG_ANALYZER_NONNULL = YES;
				CLANG_ANALYZER_NUMBER_OBJECT_CONVERSION = YES_AGGRESSIVE;
				CLANG_CXX_LANGUAGE_STANDARD = "gnu++17";
				CLANG_CXX_LIBRARY = "libc++";
				CLANG_ENABLE_MODULES = YES;
				CLANG_ENABLE_OBJC_ARC = YES;
				CLANG_ENABLE_OBJC_WEAK = YES;
				CLANG_WARN_BLOCK_CAPTURE_AUTORELEASING = YES;
				CLANG_WARN_BOOL_CONVERSION = YES;
				CLANG_WARN_COMMA = YES;
				CLANG_WARN_CONSTANT_CONVERSION = YES;
				CLANG_WARN_DEPRECATED_OBJC_IMPLEMENTATIONS = YES;
				CLANG_WARN_DIRECT_OBJC_ISA_USAGE = YES_ERROR;
				CLANG_WARN_DOCUMENTATION_COMMENTS = YES;
				CLANG_WARN_EMPTY_BODY = YES;
				CLANG_WARN_ENUM_CONVERSION = YES;
				CLANG_WARN_INFINITE_RECURSION = YES;
				CLANG_WARN_INT_CONVERSION = YES;
				CLANG_WARN_NON_LITERAL_NULL_CONVERSION = YES;
				CLANG_WARN_OBJC_IMPLICIT_RETAIN_SELF = YES;
				CLANG_WARN_OBJC_LITERAL_CONVERSION = YES;
				CLANG_WARN_OBJC_ROOT_CLASS = YES_ERROR;
				CLANG_WARN_QUOTED_INCLUDE_IN_FRAMEWORK_HEADER = YES;
				CLANG_WARN_RANGE_LOOP_ANALYSIS = YES;
				CLANG_WARN_STRICT_PROTOTYPES = YES;
				CLANG_WARN_SUSPICIOUS_MOVE = YES;
				CLANG_WARN_UNGUARDED_AVAILABILITY = YES_AGGRESSIVE;
				CLANG_WARN_UNREACHABLE_CODE = YES;
				CLANG_WARN__DUPLICATE_METHOD_MATCH = YES;
				COPY_PHASE_STRIP = NO;
				DEBUG_INFORMATION_FORMAT = "dwarf-with-dsym";
				ENABLE_NS_ASSERTIONS = NO;
				ENABLE_STRICT_OBJC_MSGSEND = YES;
				GCC_C_LANGUAGE_STANDARD = gnu11;
				GCC_NO_COMMON_BLOCKS = YES;
				GCC_WARN_64_TO_32_BIT_CONVERSION = YES;
				GCC_WARN_ABOUT_RETURN_TYPE = YES_ERROR;
				GCC_WARN_UNDECLARED_SELECTOR = YES;
				GCC_WARN_UNINITIALIZED_AUTOS = YES_AGGRESSIVE;
				GCC_WARN_UNUSED_FUNCTION = YES;
				GCC_WARN_UNUSED_VARIABLE = YES;
				IPHONEOS_DEPLOYMENT_TARGET = 15.2;
				MTL_ENABLE_DEBUG_INFO = NO;
				MTL_FAST_MATH = YES;
				SDKROOT = iphoneos;
				SWIFT_COMPILATION_MODE = wholemodule;
				SWIFT_OPTIMIZATION_LEVEL = "-O";
				VALIDATE_PRODUCT = YES;
			};
			name = Release;
		};
		BE529E7228EAE29E00A5C63D /* Debug */ = {
			isa = XCBuildConfiguration;
			buildSettings = {
				ASSETCATALOG_COMPILER_APPICON_NAME = AppIcon;
				ASSETCATALOG_COMPILER_GLOBAL_ACCENT_COLOR_NAME = AccentColor;
				CODE_SIGN_STYLE = Automatic;
				CURRENT_PROJECT_VERSION = 1;
				DEVELOPMENT_ASSET_PATHS = "\"SwiftUIMobileTask/Preview Content\"";
				DEVELOPMENT_TEAM = 3JU54KZXA3;
				ENABLE_PREVIEWS = YES;
				GENERATE_INFOPLIST_FILE = YES;
				INFOPLIST_KEY_UIApplicationSceneManifest_Generation = YES;
				INFOPLIST_KEY_UIApplicationSupportsIndirectInputEvents = YES;
				INFOPLIST_KEY_UILaunchScreen_Generation = YES;
				INFOPLIST_KEY_UISupportedInterfaceOrientations_iPad = "UIInterfaceOrientationPortrait UIInterfaceOrientationPortraitUpsideDown UIInterfaceOrientationLandscapeLeft UIInterfaceOrientationLandscapeRight";
				INFOPLIST_KEY_UISupportedInterfaceOrientations_iPhone = "UIInterfaceOrientationPortrait UIInterfaceOrientationLandscapeLeft UIInterfaceOrientationLandscapeRight";
				LD_RUNPATH_SEARCH_PATHS = (
					"$(inherited)",
					"@executable_path/Frameworks",
				);
				MARKETING_VERSION = 1.0;
				PRODUCT_BUNDLE_IDENTIFIER = com.macmartins.SwiftUIMobileTask;
				PRODUCT_NAME = "$(TARGET_NAME)";
				SWIFT_EMIT_LOC_STRINGS = YES;
				SWIFT_VERSION = 5.0;
				TARGETED_DEVICE_FAMILY = "1,2";
			};
			name = Debug;
		};
		BE529E7328EAE29E00A5C63D /* Release */ = {
			isa = XCBuildConfiguration;
			buildSettings = {
				ASSETCATALOG_COMPILER_APPICON_NAME = AppIcon;
				ASSETCATALOG_COMPILER_GLOBAL_ACCENT_COLOR_NAME = AccentColor;
				CODE_SIGN_STYLE = Automatic;
				CURRENT_PROJECT_VERSION = 1;
				DEVELOPMENT_ASSET_PATHS = "\"SwiftUIMobileTask/Preview Content\"";
				DEVELOPMENT_TEAM = 3JU54KZXA3;
				ENABLE_PREVIEWS = YES;
				GENERATE_INFOPLIST_FILE = YES;
				INFOPLIST_KEY_UIApplicationSceneManifest_Generation = YES;
				INFOPLIST_KEY_UIApplicationSupportsIndirectInputEvents = YES;
				INFOPLIST_KEY_UILaunchScreen_Generation = YES;
				INFOPLIST_KEY_UISupportedInterfaceOrientations_iPad = "UIInterfaceOrientationPortrait UIInterfaceOrientationPortraitUpsideDown UIInterfaceOrientationLandscapeLeft UIInterfaceOrientationLandscapeRight";
				INFOPLIST_KEY_UISupportedInterfaceOrientations_iPhone = "UIInterfaceOrientationPortrait UIInterfaceOrientationLandscapeLeft UIInterfaceOrientationLandscapeRight";
				LD_RUNPATH_SEARCH_PATHS = (
					"$(inherited)",
					"@executable_path/Frameworks",
				);
				MARKETING_VERSION = 1.0;
				PRODUCT_BUNDLE_IDENTIFIER = com.macmartins.SwiftUIMobileTask;
				PRODUCT_NAME = "$(TARGET_NAME)";
				SWIFT_EMIT_LOC_STRINGS = YES;
				SWIFT_VERSION = 5.0;
				TARGETED_DEVICE_FAMILY = "1,2";
			};
			name = Release;
		};
/* End XCBuildConfiguration section */

/* Begin XCConfigurationList section */
		BE529E5E28EAE29B00A5C63D /* Build configuration list for PBXProject "SwiftUIMobileTask" */ = {
			isa = XCConfigurationList;
			buildConfigurations = (
				BE529E6F28EAE29E00A5C63D /* Debug */,
				BE529E7028EAE29E00A5C63D /* Release */,
			);
			defaultConfigurationIsVisible = 0;
			defaultConfigurationName = Release;
		};
		BE529E7128EAE29E00A5C63D /* Build configuration list for PBXNativeTarget "SwiftUIMobileTask" */ = {
			isa = XCConfigurationList;
			buildConfigurations = (
				BE529E7228EAE29E00A5C63D /* Debug */,
				BE529E7328EAE29E00A5C63D /* Release */,
			);
			defaultConfigurationIsVisible = 0;
			defaultConfigurationName = Release;
		};
/* End XCConfigurationList section */

/* Begin XCRemoteSwiftPackageReference section */
		BE02A0CB28EF6DB600196CD8 /* XCRemoteSwiftPackageReference "SDWebImageSwiftUI" */ = {
			isa = XCRemoteSwiftPackageReference;
			repositoryURL = "https://github.com/SDWebImage/SDWebImageSwiftUI.git";
			requirement = {
				kind = upToNextMajorVersion;
				minimumVersion = 2.0.0;
			};
		};
/* End XCRemoteSwiftPackageReference section */

/* Begin XCSwiftPackageProductDependency section */
		BE02A0CC28EF6DB700196CD8 /* SDWebImageSwiftUI */ = {
			isa = XCSwiftPackageProductDependency;
			package = BE02A0CB28EF6DB600196CD8 /* XCRemoteSwiftPackageReference "SDWebImageSwiftUI" */;
			productName = SDWebImageSwiftUI;
		};
/* End XCSwiftPackageProductDependency section */
	};
	rootObject = BE529E5B28EAE29B00A5C63D /* Project object */;
}
